
Microsoft Visual Studio Solution File, Format Version 12.00
# Visual Studio Version 17
VisualStudioVersion = 17.11.35327.3
MinimumVisualStudioVersion = 10.0.40219.1
Project("{FAE04EC0-301F-11D3-BF4B-00C04F79EFBC}") = "C_232410101085_utspbo", "C_232410101085_utspbo\C_232410101085_utspbo.csproj", "{A6987F63-3CD0-4E90-A702-AA28EFE39BE8}"
EndProject
Global
	GlobalSection(SolutionConfigurationPlatforms) = preSolution
		Debug|Any CPU = Debug|Any CPU
		Release|Any CPU = Release|Any CPU
	EndGlobalSection
	GlobalSection(ProjectConfigurationPlatforms) = postSolution
		{A6987F63-3CD0-4E90-A702-AA28EFE39BE8}.Debug|Any CPU.ActiveCfg = Debug|Any CPU
		{A6987F63-3CD0-4E90-A702-AA28EFE39BE8}.Debug|Any CPU.Build.0 = Debug|Any CPU
		{A6987F63-3CD0-4E90-A702-AA28EFE39BE8}.Release|Any CPU.ActiveCfg = Release|Any CPU
		{A6987F63-3CD0-4E90-A702-AA28EFE39BE8}.Release|Any CPU.Build.0 = Release|Any CPU
	EndGlobalSection
	GlobalSection(SolutionProperties) = preSolution
		HideSolutionNode = FALSE
	EndGlobalSection
	GlobalSection(ExtensibilityGlobals) = postSolution
		SolutionGuid = {18E4944E-53E7-45BF-8619-4FCFE134458B}
	EndGlobalSection
EndGlobal
